
Microsoft Visual Studio Solution File, Format Version 12.00
# Visual Studio 14
VisualStudioVersion = 14.0.25420.1
MinimumVisualStudioVersion = 10.0.40219.1
Project("{FAE04EC0-301F-11D3-BF4B-00C04F79EFBC}") = "TPM.Web", "TPM.Web\TPM.Web.csproj", "{66D7860B-C063-48A8-A4BF-8ACC2078D7DC}"
EndProject
Project("{2150E333-8FDC-42A3-9474-1A3956D46DE8}") = "01 Common", "01 Common", "{48E950A4-5EF2-45B4-BAF5-E7C9907C448D}"
EndProject
Project("{2150E333-8FDC-42A3-9474-1A3956D46DE8}") = "02 Domain", "02 Domain", "{3883FF71-4F75-409E-A34C-A2C2F0956159}"
EndProject
Project("{2150E333-8FDC-42A3-9474-1A3956D46DE8}") = "03 WebApplication", "03 WebApplication", "{3B2A162D-DEDE-4C2E-A6BF-9431445316CC}"
EndProject
Project("{FAE04EC0-301F-11D3-BF4B-00C04F79EFBC}") = "TPM.Code", "TPM.Code\TPM.Code.csproj", "{FAED0C18-EC35-49B6-9958-2AB321772DF7}"
EndProject
Project("{FAE04EC0-301F-11D3-BF4B-00C04F79EFBC}") = "TPM.Data", "TPM.Data\TPM.Data.csproj", "{F76B3FCB-5DB2-4A52-955E-86709D49695E}"
EndProject
Project("{FAE04EC0-301F-11D3-BF4B-00C04F79EFBC}") = "TPM.Application", "TPM.Application\TPM.Application.csproj", "{10765FBD-C75C-4F95-A8E0-D38CF652F340}"
EndProject
Project("{FAE04EC0-301F-11D3-BF4B-00C04F79EFBC}") = "TPM.Domain", "TPM.Domain\TPM.Domain.csproj", "{939AB250-3237-4E10-B73E-86E718D6EA7F}"
EndProject
Project("{FAE04EC0-301F-11D3-BF4B-00C04F79EFBC}") = "TPM.Mapping", "TPM.Mapping\TPM.Mapping.csproj", "{3211F62A-E547-473F-BE75-07DC7350BA4B}"
EndProject
Project("{FAE04EC0-301F-11D3-BF4B-00C04F79EFBC}") = "TPM.Repository", "TPM.Repository\TPM.Repository.csproj", "{827073FA-AA11-4E27-9341-CA78583F524D}"
EndProject
Global
	GlobalSection(SolutionConfigurationPlatforms) = preSolution
		Debug|Any CPU = Debug|Any CPU
		Release|Any CPU = Release|Any CPU
	EndGlobalSection
	GlobalSection(ProjectConfigurationPlatforms) = postSolution
		{66D7860B-C063-48A8-A4BF-8ACC2078D7DC}.Debug|Any CPU.ActiveCfg = Debug|Any CPU
		{66D7860B-C063-48A8-A4BF-8ACC2078D7DC}.Debug|Any CPU.Build.0 = Debug|Any CPU
		{66D7860B-C063-48A8-A4BF-8ACC2078D7DC}.Release|Any CPU.ActiveCfg = Release|Any CPU
		{66D7860B-C063-48A8-A4BF-8ACC2078D7DC}.Release|Any CPU.Build.0 = Release|Any CPU
		{FAED0C18-EC35-49B6-9958-2AB321772DF7}.Debug|Any CPU.ActiveCfg = Debug|Any CPU
		{FAED0C18-EC35-49B6-9958-2AB321772DF7}.Debug|Any CPU.Build.0 = Debug|Any CPU
		{FAED0C18-EC35-49B6-9958-2AB321772DF7}.Release|Any CPU.ActiveCfg = Release|Any CPU
		{FAED0C18-EC35-49B6-9958-2AB321772DF7}.Release|Any CPU.Build.0 = Release|Any CPU
		{F76B3FCB-5DB2-4A52-955E-86709D49695E}.Debug|Any CPU.ActiveCfg = Debug|Any CPU
		{F76B3FCB-5DB2-4A52-955E-86709D49695E}.Debug|Any CPU.Build.0 = Debug|Any CPU
		{F76B3FCB-5DB2-4A52-955E-86709D49695E}.Release|Any CPU.ActiveCfg = Release|Any CPU
		{F76B3FCB-5DB2-4A52-955E-86709D49695E}.Release|Any CPU.Build.0 = Release|Any CPU
		{10765FBD-C75C-4F95-A8E0-D38CF652F340}.Debug|Any CPU.ActiveCfg = Debug|Any CPU
		{10765FBD-C75C-4F95-A8E0-D38CF652F340}.Debug|Any CPU.Build.0 = Debug|Any CPU
		{10765FBD-C75C-4F95-A8E0-D38CF652F340}.Release|Any CPU.ActiveCfg = Release|Any CPU
		{10765FBD-C75C-4F95-A8E0-D38CF652F340}.Release|Any CPU.Build.0 = Release|Any CPU
		{939AB250-3237-4E10-B73E-86E718D6EA7F}.Debug|Any CPU.ActiveCfg = Debug|Any CPU
		{939AB250-3237-4E10-B73E-86E718D6EA7F}.Debug|Any CPU.Build.0 = Debug|Any CPU
		{939AB250-3237-4E10-B73E-86E718D6EA7F}.Release|Any CPU.ActiveCfg = Release|Any CPU
		{939AB250-3237-4E10-B73E-86E718D6EA7F}.Release|Any CPU.Build.0 = Release|Any CPU
		{3211F62A-E547-473F-BE75-07DC7350BA4B}.Debug|Any CPU.ActiveCfg = Debug|Any CPU
		{3211F62A-E547-473F-BE75-07DC7350BA4B}.Debug|Any CPU.Build.0 = Debug|Any CPU
		{3211F62A-E547-473F-BE75-07DC7350BA4B}.Release|Any CPU.ActiveCfg = Release|Any CPU
		{3211F62A-E547-473F-BE75-07DC7350BA4B}.Release|Any CPU.Build.0 = Release|Any CPU
		{827073FA-AA11-4E27-9341-CA78583F524D}.Debug|Any CPU.ActiveCfg = Debug|Any CPU
		{827073FA-AA11-4E27-9341-CA78583F524D}.Debug|Any CPU.Build.0 = Debug|Any CPU
		{827073FA-AA11-4E27-9341-CA78583F524D}.Release|Any CPU.ActiveCfg = Release|Any CPU
		{827073FA-AA11-4E27-9341-CA78583F524D}.Release|Any CPU.Build.0 = Release|Any CPU
	EndGlobalSection
	GlobalSection(SolutionProperties) = preSolution
		HideSolutionNode = FALSE
	EndGlobalSection
	GlobalSection(NestedProjects) = preSolution
		{66D7860B-C063-48A8-A4BF-8ACC2078D7DC} = {3B2A162D-DEDE-4C2E-A6BF-9431445316CC}
		{FAED0C18-EC35-49B6-9958-2AB321772DF7} = {48E950A4-5EF2-45B4-BAF5-E7C9907C448D}
		{F76B3FCB-5DB2-4A52-955E-86709D49695E} = {48E950A4-5EF2-45B4-BAF5-E7C9907C448D}
		{10765FBD-C75C-4F95-A8E0-D38CF652F340} = {3883FF71-4F75-409E-A34C-A2C2F0956159}
		{939AB250-3237-4E10-B73E-86E718D6EA7F} = {3883FF71-4F75-409E-A34C-A2C2F0956159}
		{3211F62A-E547-473F-BE75-07DC7350BA4B} = {3883FF71-4F75-409E-A34C-A2C2F0956159}
		{827073FA-AA11-4E27-9341-CA78583F524D} = {3883FF71-4F75-409E-A34C-A2C2F0956159}
	EndGlobalSection
EndGlobal
